
Microsoft Visual Studio Solution File, Format Version 12.00
# Visual Studio Version 16
VisualStudioVersion = 16.0.31605.320
MinimumVisualStudioVersion = 10.0.40219.1
Project("{FAE04EC0-301F-11D3-BF4B-00C04F79EFBC}") = "WeekOne", "WeekOne.csproj", "{93FDDDDC-9C5E-4E17-BD7C-48F404EC21C6}"
EndProject
Global
	GlobalSection(SolutionConfigurationPlatforms) = preSolution
		Debug|Any CPU = Debug|Any CPU
		Release|Any CPU = Release|Any CPU
	EndGlobalSection
	GlobalSection(ProjectConfigurationPlatforms) = postSolution
		{93FDDDDC-9C5E-4E17-BD7C-48F404EC21C6}.Debug|Any CPU.ActiveCfg = Debug|Any CPU
		{93FDDDDC-9C5E-4E17-BD7C-48F404EC21C6}.Debug|Any CPU.Build.0 = Debug|Any CPU
		{93FDDDDC-9C5E-4E17-BD7C-48F404EC21C6}.Release|Any CPU.ActiveCfg = Release|Any CPU
		{93FDDDDC-9C5E-4E17-BD7C-48F404EC21C6}.Release|Any CPU.Build.0 = Release|Any CPU
	EndGlobalSection
	GlobalSection(SolutionProperties) = preSolution
		HideSolutionNode = FALSE
	EndGlobalSection
	GlobalSection(ExtensibilityGlobals) = postSolution
		SolutionGuid = {E44A3C7E-39C0-435D-A903-5466C0A5DAA3}
	EndGlobalSection
EndGlobal
